
Microsoft Visual Studio Solution File, Format Version 12.00
# Visual Studio Version 17
VisualStudioVersion = 17.10.35122.118
MinimumVisualStudioVersion = 10.0.40219.1
Project("{9A19103F-16F7-4668-BE54-9A1E7A4F7556}") = "WebApplication1", "WebApplication1\WebApplication1.csproj", "{D614A273-16C1-47A6-8DB8-94EB979EDB9E}"
EndProject
Project("{9A19103F-16F7-4668-BE54-9A1E7A4F7556}") = "API.web", "API.web\API.web.csproj", "{F47393FC-8F12-4733-BC3B-5399ACD73F1D}"
EndProject
Project("{2150E333-8FDC-42A3-9474-1A3956D46DE8}") = "Library", "Library", "{2C89A751-26D7-4341-9038-D12F6B9C3216}"
EndProject
Project("{2150E333-8FDC-42A3-9474-1A3956D46DE8}") = "Server", "Server", "{93143B00-5DC8-4606-949C-C03B54606746}"
EndProject
Project("{2150E333-8FDC-42A3-9474-1A3956D46DE8}") = "UI", "UI", "{ACAC7E9F-B8B4-4AE2-81B8-3857AC719756}"
EndProject
Project("{FAE04EC0-301F-11D3-BF4B-00C04F79EFBC}") = "API.Service", "API.Service\API.Service.csproj", "{8BA19C44-67D1-4CF3-8261-6D80DAC1880E}"
EndProject
Project("{FAE04EC0-301F-11D3-BF4B-00C04F79EFBC}") = "API.Interface", "API.Interface\API.Interface.csproj", "{DE03EF4B-0D04-4BCB-A490-05FEC7A367B5}"
EndProject
Project("{FAE04EC0-301F-11D3-BF4B-00C04F79EFBC}") = "API.DataService", "API.DataService\API.DataService.csproj", "{078415AA-973B-4EC7-BF09-292FDB1CE1E5}"
EndProject
Project("{FAE04EC0-301F-11D3-BF4B-00C04F79EFBC}") = "API.DomainModels", "API.DomainModels\API.DomainModels.csproj", "{148ED48D-E1F6-4C1E-92B9-8DC214590ECD}"
EndProject
Project("{FAE04EC0-301F-11D3-BF4B-00C04F79EFBC}") = "ClassLibrary1", "ClassLibrary1\ClassLibrary1.csproj", "{BBA25835-2F3E-47C0-B653-165B8EF03A54}"
EndProject
Global
	GlobalSection(SolutionConfigurationPlatforms) = preSolution
		Debug|Any CPU = Debug|Any CPU
		Release|Any CPU = Release|Any CPU
	EndGlobalSection
	GlobalSection(ProjectConfigurationPlatforms) = postSolution
		{D614A273-16C1-47A6-8DB8-94EB979EDB9E}.Debug|Any CPU.ActiveCfg = Debug|Any CPU
		{D614A273-16C1-47A6-8DB8-94EB979EDB9E}.Debug|Any CPU.Build.0 = Debug|Any CPU
		{D614A273-16C1-47A6-8DB8-94EB979EDB9E}.Release|Any CPU.ActiveCfg = Release|Any CPU
		{D614A273-16C1-47A6-8DB8-94EB979EDB9E}.Release|Any CPU.Build.0 = Release|Any CPU
		{F47393FC-8F12-4733-BC3B-5399ACD73F1D}.Debug|Any CPU.ActiveCfg = Debug|Any CPU
		{F47393FC-8F12-4733-BC3B-5399ACD73F1D}.Debug|Any CPU.Build.0 = Debug|Any CPU
		{F47393FC-8F12-4733-BC3B-5399ACD73F1D}.Release|Any CPU.ActiveCfg = Release|Any CPU
		{F47393FC-8F12-4733-BC3B-5399ACD73F1D}.Release|Any CPU.Build.0 = Release|Any CPU
		{8BA19C44-67D1-4CF3-8261-6D80DAC1880E}.Debug|Any CPU.ActiveCfg = Debug|Any CPU
		{8BA19C44-67D1-4CF3-8261-6D80DAC1880E}.Debug|Any CPU.Build.0 = Debug|Any CPU
		{8BA19C44-67D1-4CF3-8261-6D80DAC1880E}.Release|Any CPU.ActiveCfg = Release|Any CPU
		{8BA19C44-67D1-4CF3-8261-6D80DAC1880E}.Release|Any CPU.Build.0 = Release|Any CPU
		{DE03EF4B-0D04-4BCB-A490-05FEC7A367B5}.Debug|Any CPU.ActiveCfg = Debug|Any CPU
		{DE03EF4B-0D04-4BCB-A490-05FEC7A367B5}.Debug|Any CPU.Build.0 = Debug|Any CPU
		{DE03EF4B-0D04-4BCB-A490-05FEC7A367B5}.Release|Any CPU.ActiveCfg = Release|Any CPU
		{DE03EF4B-0D04-4BCB-A490-05FEC7A367B5}.Release|Any CPU.Build.0 = Release|Any CPU
		{078415AA-973B-4EC7-BF09-292FDB1CE1E5}.Debug|Any CPU.ActiveCfg = Debug|Any CPU
		{078415AA-973B-4EC7-BF09-292FDB1CE1E5}.Debug|Any CPU.Build.0 = Debug|Any CPU
		{078415AA-973B-4EC7-BF09-292FDB1CE1E5}.Release|Any CPU.ActiveCfg = Release|Any CPU
		{078415AA-973B-4EC7-BF09-292FDB1CE1E5}.Release|Any CPU.Build.0 = Release|Any CPU
		{148ED48D-E1F6-4C1E-92B9-8DC214590ECD}.Debug|Any CPU.ActiveCfg = Debug|Any CPU
		{148ED48D-E1F6-4C1E-92B9-8DC214590ECD}.Debug|Any CPU.Build.0 = Debug|Any CPU
		{148ED48D-E1F6-4C1E-92B9-8DC214590ECD}.Release|Any CPU.ActiveCfg = Release|Any CPU
		{148ED48D-E1F6-4C1E-92B9-8DC214590ECD}.Release|Any CPU.Build.0 = Release|Any CPU
		{BBA25835-2F3E-47C0-B653-165B8EF03A54}.Debug|Any CPU.ActiveCfg = Debug|Any CPU
		{BBA25835-2F3E-47C0-B653-165B8EF03A54}.Debug|Any CPU.Build.0 = Debug|Any CPU
		{BBA25835-2F3E-47C0-B653-165B8EF03A54}.Release|Any CPU.ActiveCfg = Release|Any CPU
		{BBA25835-2F3E-47C0-B653-165B8EF03A54}.Release|Any CPU.Build.0 = Release|Any CPU
	EndGlobalSection
	GlobalSection(SolutionProperties) = preSolution
		HideSolutionNode = FALSE
	EndGlobalSection
	GlobalSection(NestedProjects) = preSolution
		{D614A273-16C1-47A6-8DB8-94EB979EDB9E} = {ACAC7E9F-B8B4-4AE2-81B8-3857AC719756}
		{F47393FC-8F12-4733-BC3B-5399ACD73F1D} = {93143B00-5DC8-4606-949C-C03B54606746}
		{8BA19C44-67D1-4CF3-8261-6D80DAC1880E} = {2C89A751-26D7-4341-9038-D12F6B9C3216}
		{DE03EF4B-0D04-4BCB-A490-05FEC7A367B5} = {2C89A751-26D7-4341-9038-D12F6B9C3216}
		{078415AA-973B-4EC7-BF09-292FDB1CE1E5} = {2C89A751-26D7-4341-9038-D12F6B9C3216}
		{148ED48D-E1F6-4C1E-92B9-8DC214590ECD} = {2C89A751-26D7-4341-9038-D12F6B9C3216}
		{BBA25835-2F3E-47C0-B653-165B8EF03A54} = {2C89A751-26D7-4341-9038-D12F6B9C3216}
	EndGlobalSection
	GlobalSection(ExtensibilityGlobals) = postSolution
		SolutionGuid = {73C7AB62-F7EF-4392-9109-065E7ED9DD9A}
	EndGlobalSection
EndGlobal
